// !$*UTF8*$!
{
	archiveVersion = 1;
	classes = {
	};
	objectVersion = 50;
	objects = {

/* Begin PBXBuildFile section */
		1471D6823D691BF02131E4B9 /* Pods_Emojis_EmojisUITests.framework in Frameworks */ = {isa = PBXBuildFile; fileRef = BEA5ADCA4137C573EBA71440 /* Pods_Emojis_EmojisUITests.framework */; };
		578AB375EDC6317904209384 /* Pods_Emojis.framework in Frameworks */ = {isa = PBXBuildFile; fileRef = 385EEFD81390C67814BB2802 /* Pods_Emojis.framework */; };
		D386839424E7239A0083F679 /* CardViewController.swift in Sources */ = {isa = PBXBuildFile; fileRef = D386839324E7239A0083F679 /* CardViewController.swift */; };
		D386839724E8487E0083F679 /* Emojis.swift in Sources */ = {isa = PBXBuildFile; fileRef = D386839624E8487E0083F679 /* Emojis.swift */; };
		D386839A24E84A070083F679 /* EmojiBank.swift in Sources */ = {isa = PBXBuildFile; fileRef = D386839924E84A070083F679 /* EmojiBank.swift */; };
		D3E2612124916E38004A7D0A /* AppDelegate.swift in Sources */ = {isa = PBXBuildFile; fileRef = D3E2612024916E38004A7D0A /* AppDelegate.swift */; };
		D3E2612324916E38004A7D0A /* SceneDelegate.swift in Sources */ = {isa = PBXBuildFile; fileRef = D3E2612224916E38004A7D0A /* SceneDelegate.swift */; };
		D3E2612524916E38004A7D0A /* ViewController.swift in Sources */ = {isa = PBXBuildFile; fileRef = D3E2612424916E38004A7D0A /* ViewController.swift */; };
		D3E2612A24916E3B004A7D0A /* Assets.xcassets in Resources */ = {isa = PBXBuildFile; fileRef = D3E2612924916E3B004A7D0A /* Assets.xcassets */; };
		D3E2612D24916E3B004A7D0A /* LaunchScreen.storyboard in Resources */ = {isa = PBXBuildFile; fileRef = D3E2612B24916E3B004A7D0A /* LaunchScreen.storyboard */; };
		D3E2613824916E3C004A7D0A /* EmojisTests.swift in Sources */ = {isa = PBXBuildFile; fileRef = D3E2613724916E3C004A7D0A /* EmojisTests.swift */; };
		D3E2614324916E3C004A7D0A /* EmojisUITests.swift in Sources */ = {isa = PBXBuildFile; fileRef = D3E2614224916E3C004A7D0A /* EmojisUITests.swift */; };
		D3E2615224916EC9004A7D0A /* AboutLove.ttf in Resources */ = {isa = PBXBuildFile; fileRef = D3E2615124916EC9004A7D0A /* AboutLove.ttf */; };
		D3E261542491703E004A7D0A /* CustomButton.swift in Sources */ = {isa = PBXBuildFile; fileRef = D3E261532491703E004A7D0A /* CustomButton.swift */; };
		D3ECC79524CDA444002EE2C8 /* Main.storyboard in Resources */ = {isa = PBXBuildFile; fileRef = D3ECC79324CDA444002EE2C8 /* Main.storyboard */; };
		FBF86B381B4DB15B2D1D7814 /* Pods_EmojisTests.framework in Frameworks */ = {isa = PBXBuildFile; fileRef = 8C8B11FDC9AC75A7C6D8B482 /* Pods_EmojisTests.framework */; };
/* End PBXBuildFile section */

/* Begin PBXContainerItemProxy section */
		D3E2613424916E3C004A7D0A /* PBXContainerItemProxy */ = {
			isa = PBXContainerItemProxy;
			containerPortal = D3E2611524916E38004A7D0A /* Project object */;
			proxyType = 1;
			remoteGlobalIDString = D3E2611C24916E38004A7D0A;
			remoteInfo = Emojis;
		};
		D3E2613F24916E3C004A7D0A /* PBXContainerItemProxy */ = {
			isa = PBXContainerItemProxy;
			containerPortal = D3E2611524916E38004A7D0A /* Project object */;
			proxyType = 1;
			remoteGlobalIDString = D3E2611C24916E38004A7D0A;
			remoteInfo = Emojis;
		};
/* End PBXContainerItemProxy section */

/* Begin PBXFileReference section */
		15DA8B620EA6CBBD79CC2A65 /* Pods-Emojis-EmojisUITests.debug.xcconfig */ = {isa = PBXFileReference; includeInIndex = 1; lastKnownFileType = text.xcconfig; name = "Pods-Emojis-EmojisUITests.debug.xcconfig"; path = "Target Support Files/Pods-Emojis-EmojisUITests/Pods-Emojis-EmojisUITests.debug.xcconfig"; sourceTree = "<group>"; };
		36DD3C8FB8DB302F2337CE61 /* Pods-Emojis.release.xcconfig */ = {isa = PBXFileReference; includeInIndex = 1; lastKnownFileType = text.xcconfig; name = "Pods-Emojis.release.xcconfig"; path = "Target Support Files/Pods-Emojis/Pods-Emojis.release.xcconfig"; sourceTree = "<group>"; };
		385EEFD81390C67814BB2802 /* Pods_Emojis.framework */ = {isa = PBXFileReference; explicitFileType = wrapper.framework; includeInIndex = 0; path = Pods_Emojis.framework; sourceTree = BUILT_PRODUCTS_DIR; };
		6F3B3F454F0D9CEA923107D8 /* Pods-Emojis-EmojisUITests.release.xcconfig */ = {isa = PBXFileReference; includeInIndex = 1; lastKnownFileType = text.xcconfig; name = "Pods-Emojis-EmojisUITests.release.xcconfig"; path = "Target Support Files/Pods-Emojis-EmojisUITests/Pods-Emojis-EmojisUITests.release.xcconfig"; sourceTree = "<group>"; };
		7DDA70D0344056946961F29C /* Pods-Emojis.debug.xcconfig */ = {isa = PBXFileReference; includeInIndex = 1; lastKnownFileType = text.xcconfig; name = "Pods-Emojis.debug.xcconfig"; path = "Target Support Files/Pods-Emojis/Pods-Emojis.debug.xcconfig"; sourceTree = "<group>"; };
		8C8B11FDC9AC75A7C6D8B482 /* Pods_EmojisTests.framework */ = {isa = PBXFileReference; explicitFileType = wrapper.framework; includeInIndex = 0; path = Pods_EmojisTests.framework; sourceTree = BUILT_PRODUCTS_DIR; };
		ACFC8FDB676862695507DF1D /* Pods-EmojisTests.release.xcconfig */ = {isa = PBXFileReference; includeInIndex = 1; lastKnownFileType = text.xcconfig; name = "Pods-EmojisTests.release.xcconfig"; path = "Target Support Files/Pods-EmojisTests/Pods-EmojisTests.release.xcconfig"; sourceTree = "<group>"; };
		BEA5ADCA4137C573EBA71440 /* Pods_Emojis_EmojisUITests.framework */ = {isa = PBXFileReference; explicitFileType = wrapper.framework; includeInIndex = 0; path = Pods_Emojis_EmojisUITests.framework; sourceTree = BUILT_PRODUCTS_DIR; };
		D386839324E7239A0083F679 /* CardViewController.swift */ = {isa = PBXFileReference; lastKnownFileType = sourcecode.swift; path = CardViewController.swift; sourceTree = "<group>"; };
		D386839624E8487E0083F679 /* Emojis.swift */ = {isa = PBXFileReference; lastKnownFileType = sourcecode.swift; path = Emojis.swift; sourceTree = "<group>"; };
		D386839924E84A070083F679 /* EmojiBank.swift */ = {isa = PBXFileReference; lastKnownFileType = sourcecode.swift; path = EmojiBank.swift; sourceTree = "<group>"; };
		D3E2611D24916E38004A7D0A /* Emojis.app */ = {isa = PBXFileReference; explicitFileType = wrapper.application; includeInIndex = 0; path = Emojis.app; sourceTree = BUILT_PRODUCTS_DIR; };
		D3E2612024916E38004A7D0A /* AppDelegate.swift */ = {isa = PBXFileReference; lastKnownFileType = sourcecode.swift; path = AppDelegate.swift; sourceTree = "<group>"; };
		D3E2612224916E38004A7D0A /* SceneDelegate.swift */ = {isa = PBXFileReference; lastKnownFileType = sourcecode.swift; path = SceneDelegate.swift; sourceTree = "<group>"; };
		D3E2612424916E38004A7D0A /* ViewController.swift */ = {isa = PBXFileReference; lastKnownFileType = sourcecode.swift; path = ViewController.swift; sourceTree = "<group>"; };
		D3E2612924916E3B004A7D0A /* Assets.xcassets */ = {isa = PBXFileReference; lastKnownFileType = folder.assetcatalog; path = Assets.xcassets; sourceTree = "<group>"; };
		D3E2612C24916E3B004A7D0A /* Base */ = {isa = PBXFileReference; lastKnownFileType = file.storyboard; name = Base; path = Base.lproj/LaunchScreen.storyboard; sourceTree = "<group>"; };
		D3E2612E24916E3B004A7D0A /* Info.plist */ = {isa = PBXFileReference; lastKnownFileType = text.plist.xml; path = Info.plist; sourceTree = "<group>"; };
		D3E2613324916E3C004A7D0A /* EmojisTests.xctest */ = {isa = PBXFileReference; explicitFileType = wrapper.cfbundle; includeInIndex = 0; path = EmojisTests.xctest; sourceTree = BUILT_PRODUCTS_DIR; };
		D3E2613724916E3C004A7D0A /* EmojisTests.swift */ = {isa = PBXFileReference; lastKnownFileType = sourcecode.swift; path = EmojisTests.swift; sourceTree = "<group>"; };
		D3E2613924916E3C004A7D0A /* Info.plist */ = {isa = PBXFileReference; lastKnownFileType = text.plist.xml; path = Info.plist; sourceTree = "<group>"; };
		D3E2613E24916E3C004A7D0A /* EmojisUITests.xctest */ = {isa = PBXFileReference; explicitFileType = wrapper.cfbundle; includeInIndex = 0; path = EmojisUITests.xctest; sourceTree = BUILT_PRODUCTS_DIR; };
		D3E2614224916E3C004A7D0A /* EmojisUITests.swift */ = {isa = PBXFileReference; lastKnownFileType = sourcecode.swift; path = EmojisUITests.swift; sourceTree = "<group>"; };
		D3E2614424916E3C004A7D0A /* Info.plist */ = {isa = PBXFileReference; lastKnownFileType = text.plist.xml; path = Info.plist; sourceTree = "<group>"; };
		D3E2615124916EC9004A7D0A /* AboutLove.ttf */ = {isa = PBXFileReference; lastKnownFileType = file; path = AboutLove.ttf; sourceTree = "<group>"; };
		D3E261532491703E004A7D0A /* CustomButton.swift */ = {isa = PBXFileReference; lastKnownFileType = sourcecode.swift; path = CustomButton.swift; sourceTree = "<group>"; };
		D3ECC79424CDA444002EE2C8 /* Base */ = {isa = PBXFileReference; lastKnownFileType = file.storyboard; name = Base; path = Base.lproj/Main.storyboard; sourceTree = "<group>"; };
		E3BE55230A1B5C8F21341F84 /* Pods-EmojisTests.debug.xcconfig */ = {isa = PBXFileReference; includeInIndex = 1; lastKnownFileType = text.xcconfig; name = "Pods-EmojisTests.debug.xcconfig"; path = "Target Support Files/Pods-EmojisTests/Pods-EmojisTests.debug.xcconfig"; sourceTree = "<group>"; };
/* End PBXFileReference section */

/* Begin PBXFrameworksBuildPhase section */
		D3E2611A24916E38004A7D0A /* Frameworks */ = {
			isa = PBXFrameworksBuildPhase;
			buildActionMask = 2147483647;
			files = (
				578AB375EDC6317904209384 /* Pods_Emojis.framework in Frameworks */,
			);
			runOnlyForDeploymentPostprocessing = 0;
		};
		D3E2613024916E3C004A7D0A /* Frameworks */ = {
			isa = PBXFrameworksBuildPhase;
			buildActionMask = 2147483647;
			files = (
				FBF86B381B4DB15B2D1D7814 /* Pods_EmojisTests.framework in Frameworks */,
			);
			runOnlyForDeploymentPostprocessing = 0;
		};
		D3E2613B24916E3C004A7D0A /* Frameworks */ = {
			isa = PBXFrameworksBuildPhase;
			buildActionMask = 2147483647;
			files = (
				1471D6823D691BF02131E4B9 /* Pods_Emojis_EmojisUITests.framework in Frameworks */,
			);
			runOnlyForDeploymentPostprocessing = 0;
		};
/* End PBXFrameworksBuildPhase section */

/* Begin PBXGroup section */
		C5C82D6BDD9578506D050949 /* Frameworks */ = {
			isa = PBXGroup;
			children = (
				385EEFD81390C67814BB2802 /* Pods_Emojis.framework */,
				BEA5ADCA4137C573EBA71440 /* Pods_Emojis_EmojisUITests.framework */,
				8C8B11FDC9AC75A7C6D8B482 /* Pods_EmojisTests.framework */,
			);
			name = Frameworks;
			sourceTree = "<group>";
		};
		D386838F24E71A1D0083F679 /* Controller */ = {
			isa = PBXGroup;
			children = (
				D3E2612424916E38004A7D0A /* ViewController.swift */,
				D386839324E7239A0083F679 /* CardViewController.swift */,
				D3E2612024916E38004A7D0A /* AppDelegate.swift */,
				D3E2612224916E38004A7D0A /* SceneDelegate.swift */,
				D3E261532491703E004A7D0A /* CustomButton.swift */,
			);
			path = Controller;
			sourceTree = "<group>";
		};
		D386839024E71A5B0083F679 /* Views */ = {
			isa = PBXGroup;
			children = (
				D3ECC79324CDA444002EE2C8 /* Main.storyboard */,
				D3E2612B24916E3B004A7D0A /* LaunchScreen.storyboard */,
			);
			path = Views;
			sourceTree = "<group>";
		};
		D386839524E726250083F679 /* Assets */ = {
			isa = PBXGroup;
			children = (
				D3E2615024916E61004A7D0A /* Fonts */,
				D3E2612924916E3B004A7D0A /* Assets.xcassets */,
			);
			path = Assets;
			sourceTree = "<group>";
		};
		D386839824E8488C0083F679 /* Model */ = {
			isa = PBXGroup;
			children = (
				D386839624E8487E0083F679 /* Emojis.swift */,
				D386839924E84A070083F679 /* EmojiBank.swift */,
			);
			path = Model;
			sourceTree = "<group>";
		};
		D3E2611424916E38004A7D0A = {
			isa = PBXGroup;
			children = (
				D3E2611F24916E38004A7D0A /* Emojis */,
				D3E2613624916E3C004A7D0A /* EmojisTests */,
				D3E2614124916E3C004A7D0A /* EmojisUITests */,
				D3E2611E24916E38004A7D0A /* Products */,
				DD44C317FAAB5EADA045D138 /* Pods */,
				C5C82D6BDD9578506D050949 /* Frameworks */,
			);
			sourceTree = "<group>";
		};
		D3E2611E24916E38004A7D0A /* Products */ = {
			isa = PBXGroup;
			children = (
				D3E2611D24916E38004A7D0A /* Emojis.app */,
				D3E2613324916E3C004A7D0A /* EmojisTests.xctest */,
				D3E2613E24916E3C004A7D0A /* EmojisUITests.xctest */,
			);
			name = Products;
			sourceTree = "<group>";
		};
		D3E2611F24916E38004A7D0A /* Emojis */ = {
			isa = PBXGroup;
			children = (
				D3E2612E24916E3B004A7D0A /* Info.plist */,
				D386838F24E71A1D0083F679 /* Controller */,
				D386839824E8488C0083F679 /* Model */,
				D386839024E71A5B0083F679 /* Views */,
				D386839524E726250083F679 /* Assets */,
			);
			path = Emojis;
			sourceTree = "<group>";
		};
		D3E2613624916E3C004A7D0A /* EmojisTests */ = {
			isa = PBXGroup;
			children = (
				D3E2613724916E3C004A7D0A /* EmojisTests.swift */,
				D3E2613924916E3C004A7D0A /* Info.plist */,
			);
			path = EmojisTests;
			sourceTree = "<group>";
		};
		D3E2614124916E3C004A7D0A /* EmojisUITests */ = {
			isa = PBXGroup;
			children = (
				D3E2614224916E3C004A7D0A /* EmojisUITests.swift */,
				D3E2614424916E3C004A7D0A /* Info.plist */,
			);
			path = EmojisUITests;
			sourceTree = "<group>";
		};
		D3E2615024916E61004A7D0A /* Fonts */ = {
			isa = PBXGroup;
			children = (
				D3E2615124916EC9004A7D0A /* AboutLove.ttf */,
			);
			path = Fonts;
			sourceTree = "<group>";
		};
		DD44C317FAAB5EADA045D138 /* Pods */ = {
			isa = PBXGroup;
			children = (
				7DDA70D0344056946961F29C /* Pods-Emojis.debug.xcconfig */,
				36DD3C8FB8DB302F2337CE61 /* Pods-Emojis.release.xcconfig */,
				15DA8B620EA6CBBD79CC2A65 /* Pods-Emojis-EmojisUITests.debug.xcconfig */,
				6F3B3F454F0D9CEA923107D8 /* Pods-Emojis-EmojisUITests.release.xcconfig */,
				E3BE55230A1B5C8F21341F84 /* Pods-EmojisTests.debug.xcconfig */,
				ACFC8FDB676862695507DF1D /* Pods-EmojisTests.release.xcconfig */,
			);
			name = Pods;
			path = Pods;
			sourceTree = "<group>";
		};
/* End PBXGroup section */

/* Begin PBXNativeTarget section */
		D3E2611C24916E38004A7D0A /* Emojis */ = {
			isa = PBXNativeTarget;
			buildConfigurationList = D3E2614724916E3C004A7D0A /* Build configuration list for PBXNativeTarget "Emojis" */;
			buildPhases = (
				C1679515BD6132B87DED667A /* [CP] Check Pods Manifest.lock */,
				D3E2611924916E38004A7D0A /* Sources */,
				D3E2611A24916E38004A7D0A /* Frameworks */,
				D3E2611B24916E38004A7D0A /* Resources */,
			);
			buildRules = (
			);
			dependencies = (
			);
			name = Emojis;
			productName = Emojis;
			productReference = D3E2611D24916E38004A7D0A /* Emojis.app */;
			productType = "com.apple.product-type.application";
		};
		D3E2613224916E3C004A7D0A /* EmojisTests */ = {
			isa = PBXNativeTarget;
			buildConfigurationList = D3E2614A24916E3C004A7D0A /* Build configuration list for PBXNativeTarget "EmojisTests" */;
			buildPhases = (
				391251A3DB335338B093FFF8 /* [CP] Check Pods Manifest.lock */,
				D3E2612F24916E3C004A7D0A /* Sources */,
				D3E2613024916E3C004A7D0A /* Frameworks */,
				D3E2613124916E3C004A7D0A /* Resources */,
			);
			buildRules = (
			);
			dependencies = (
				D3E2613524916E3C004A7D0A /* PBXTargetDependency */,
			);
			name = EmojisTests;
			productName = EmojisTests;
			productReference = D3E2613324916E3C004A7D0A /* EmojisTests.xctest */;
			productType = "com.apple.product-type.bundle.unit-test";
		};
		D3E2613D24916E3C004A7D0A /* EmojisUITests */ = {
			isa = PBXNativeTarget;
			buildConfigurationList = D3E2614D24916E3C004A7D0A /* Build configuration list for PBXNativeTarget "EmojisUITests" */;
			buildPhases = (
				321368ECC005AF4949E18D79 /* [CP] Check Pods Manifest.lock */,
				D3E2613A24916E3C004A7D0A /* Sources */,
				D3E2613B24916E3C004A7D0A /* Frameworks */,
				D3E2613C24916E3C004A7D0A /* Resources */,
			);
			buildRules = (
			);
			dependencies = (
				D3E2614024916E3C004A7D0A /* PBXTargetDependency */,
			);
			name = EmojisUITests;
			productName = EmojisUITests;
			productReference = D3E2613E24916E3C004A7D0A /* EmojisUITests.xctest */;
			productType = "com.apple.product-type.bundle.ui-testing";
		};
/* End PBXNativeTarget section */

/* Begin PBXProject section */
		D3E2611524916E38004A7D0A /* Project object */ = {
			isa = PBXProject;
			attributes = {
				LastSwiftUpdateCheck = 1130;
				LastUpgradeCheck = 1130;
				ORGANIZATIONNAME = "LauDecked Devs";
				TargetAttributes = {
					D3E2611C24916E38004A7D0A = {
						CreatedOnToolsVersion = 11.3.1;
					};
					D3E2613224916E3C004A7D0A = {
						CreatedOnToolsVersion = 11.3.1;
						TestTargetID = D3E2611C24916E38004A7D0A;
					};
					D3E2613D24916E3C004A7D0A = {
						CreatedOnToolsVersion = 11.3.1;
						TestTargetID = D3E2611C24916E38004A7D0A;
					};
				};
			};
			buildConfigurationList = D3E2611824916E38004A7D0A /* Build configuration list for PBXProject "Emojis" */;
			compatibilityVersion = "Xcode 9.3";
			developmentRegion = en;
			hasScannedForEncodings = 0;
			knownRegions = (
				en,
				Base,
			);
			mainGroup = D3E2611424916E38004A7D0A;
			productRefGroup = D3E2611E24916E38004A7D0A /* Products */;
			projectDirPath = "";
			projectRoot = "";
			targets = (
				D3E2611C24916E38004A7D0A /* Emojis */,
				D3E2613224916E3C004A7D0A /* EmojisTests */,
				D3E2613D24916E3C004A7D0A /* EmojisUITests */,
			);
		};
/* End PBXProject section */

/* Begin PBXResourcesBuildPhase section */
		D3E2611B24916E38004A7D0A /* Resources */ = {
			isa = PBXResourcesBuildPhase;
			buildActionMask = 2147483647;
			files = (
				D3ECC79524CDA444002EE2C8 /* Main.storyboard in Resources */,
				D3E2612D24916E3B004A7D0A /* LaunchScreen.storyboard in Resources */,
				D3E2612A24916E3B004A7D0A /* Assets.xcassets in Resources */,
				D3E2615224916EC9004A7D0A /* AboutLove.ttf in Resources */,
			);
			runOnlyForDeploymentPostprocessing = 0;
		};
		D3E2613124916E3C004A7D0A /* Resources */ = {
			isa = PBXResourcesBuildPhase;
			buildActionMask = 2147483647;
			files = (
			);
			runOnlyForDeploymentPostprocessing = 0;
		};
		D3E2613C24916E3C004A7D0A /* Resources */ = {
			isa = PBXResourcesBuildPhase;
			buildActionMask = 2147483647;
			files = (
			);
			runOnlyForDeploymentPostprocessing = 0;
		};
/* End PBXResourcesBuildPhase section */

/* Begin PBXShellScriptBuildPhase section */
		321368ECC005AF4949E18D79 /* [CP] Check Pods Manifest.lock */ = {
			isa = PBXShellScriptBuildPhase;
			buildActionMask = 2147483647;
			files = (
			);
			inputFileListPaths = (
			);
			inputPaths = (
				"${PODS_PODFILE_DIR_PATH}/Podfile.lock",
				"${PODS_ROOT}/Manifest.lock",
			);
			name = "[CP] Check Pods Manifest.lock";
			outputFileListPaths = (
			);
			outputPaths = (
				"$(DERIVED_FILE_DIR)/Pods-Emojis-EmojisUITests-checkManifestLockResult.txt",
			);
			runOnlyForDeploymentPostprocessing = 0;
			shellPath = /bin/sh;
			shellScript = "diff \"${PODS_PODFILE_DIR_PATH}/Podfile.lock\" \"${PODS_ROOT}/Manifest.lock\" > /dev/null\nif [ $? != 0 ] ; then\n    # print error to STDERR\n    echo \"error: The sandbox is not in sync with the Podfile.lock. Run 'pod install' or update your CocoaPods installation.\" >&2\n    exit 1\nfi\n# This output is used by Xcode 'outputs' to avoid re-running this script phase.\necho \"SUCCESS\" > \"${SCRIPT_OUTPUT_FILE_0}\"\n";
			showEnvVarsInLog = 0;
		};
		391251A3DB335338B093FFF8 /* [CP] Check Pods Manifest.lock */ = {
			isa = PBXShellScriptBuildPhase;
			buildActionMask = 2147483647;
			files = (
			);
			inputFileListPaths = (
			);
			inputPaths = (
				"${PODS_PODFILE_DIR_PATH}/Podfile.lock",
				"${PODS_ROOT}/Manifest.lock",
			);
			name = "[CP] Check Pods Manifest.lock";
			outputFileListPaths = (
			);
			outputPaths = (
				"$(DERIVED_FILE_DIR)/Pods-EmojisTests-checkManifestLockResult.txt",
			);
			runOnlyForDeploymentPostprocessing = 0;
			shellPath = /bin/sh;
			shellScript = "diff \"${PODS_PODFILE_DIR_PATH}/Podfile.lock\" \"${PODS_ROOT}/Manifest.lock\" > /dev/null\nif [ $? != 0 ] ; then\n    # print error to STDERR\n    echo \"error: The sandbox is not in sync with the Podfile.lock. Run 'pod install' or update your CocoaPods installation.\" >&2\n    exit 1\nfi\n# This output is used by Xcode 'outputs' to avoid re-running this script phase.\necho \"SUCCESS\" > \"${SCRIPT_OUTPUT_FILE_0}\"\n";
			showEnvVarsInLog = 0;
		};
		C1679515BD6132B87DED667A /* [CP] Check Pods Manifest.lock */ = {
			isa = PBXShellScriptBuildPhase;
			buildActionMask = 2147483647;
			files = (
			);
			inputFileListPaths = (
			);
			inputPaths = (
				"${PODS_PODFILE_DIR_PATH}/Podfile.lock",
				"${PODS_ROOT}/Manifest.lock",
			);
			name = "[CP] Check Pods Manifest.lock";
			outputFileListPaths = (
			);
			outputPaths = (
				"$(DERIVED_FILE_DIR)/Pods-Emojis-checkManifestLockResult.txt",
			);
			runOnlyForDeploymentPostprocessing = 0;
			shellPath = /bin/sh;
			shellScript = "diff \"${PODS_PODFILE_DIR_PATH}/Podfile.lock\" \"${PODS_ROOT}/Manifest.lock\" > /dev/null\nif [ $? != 0 ] ; then\n    # print error to STDERR\n    echo \"error: The sandbox is not in sync with the Podfile.lock. Run 'pod install' or update your CocoaPods installation.\" >&2\n    exit 1\nfi\n# This output is used by Xcode 'outputs' to avoid re-running this script phase.\necho \"SUCCESS\" > \"${SCRIPT_OUTPUT_FILE_0}\"\n";
			showEnvVarsInLog = 0;
		};
/* End PBXShellScriptBuildPhase section */

/* Begin PBXSourcesBuildPhase section */
		D3E2611924916E38004A7D0A /* Sources */ = {
			isa = PBXSourcesBuildPhase;
			buildActionMask = 2147483647;
			files = (
				D386839724E8487E0083F679 /* Emojis.swift in Sources */,
				D386839A24E84A070083F679 /* EmojiBank.swift in Sources */,
				D3E261542491703E004A7D0A /* CustomButton.swift in Sources */,
				D3E2612524916E38004A7D0A /* ViewController.swift in Sources */,
				D3E2612124916E38004A7D0A /* AppDelegate.swift in Sources */,
				D386839424E7239A0083F679 /* CardViewController.swift in Sources */,
				D3E2612324916E38004A7D0A /* SceneDelegate.swift in Sources */,
			);
			runOnlyForDeploymentPostprocessing = 0;
		};
		D3E2612F24916E3C004A7D0A /* Sources */ = {
			isa = PBXSourcesBuildPhase;
			buildActionMask = 2147483647;
			files = (
				D3E2613824916E3C004A7D0A /* EmojisTests.swift in Sources */,
			);
			runOnlyForDeploymentPostprocessing = 0;
		};
		D3E2613A24916E3C004A7D0A /* Sources */ = {
			isa = PBXSourcesBuildPhase;
			buildActionMask = 2147483647;
			files = (
				D3E2614324916E3C004A7D0A /* EmojisUITests.swift in Sources */,
			);
			runOnlyForDeploymentPostprocessing = 0;
		};
/* End PBXSourcesBuildPhase section */

/* Begin PBXTargetDependency section */
		D3E2613524916E3C004A7D0A /* PBXTargetDependency */ = {
			isa = PBXTargetDependency;
			target = D3E2611C24916E38004A7D0A /* Emojis */;
			targetProxy = D3E2613424916E3C004A7D0A /* PBXContainerItemProxy */;
		};
		D3E2614024916E3C004A7D0A /* PBXTargetDependency */ = {
			isa = PBXTargetDependency;
			target = D3E2611C24916E38004A7D0A /* Emojis */;
			targetProxy = D3E2613F24916E3C004A7D0A /* PBXContainerItemProxy */;
		};
/* End PBXTargetDependency section */

/* Begin PBXVariantGroup section */
		D3E2612B24916E3B004A7D0A /* LaunchScreen.storyboard */ = {
			isa = PBXVariantGroup;
			children = (
				D3E2612C24916E3B004A7D0A /* Base */,
			);
			name = LaunchScreen.storyboard;
			sourceTree = "<group>";
		};
		D3ECC79324CDA444002EE2C8 /* Main.storyboard */ = {
			isa = PBXVariantGroup;
			children = (
				D3ECC79424CDA444002EE2C8 /* Base */,
			);
			name = Main.storyboard;
			sourceTree = "<group>";
		};
/* End PBXVariantGroup section */

/* Begin XCBuildConfiguration section */
		D3E2614524916E3C004A7D0A /* Debug */ = {
			isa = XCBuildConfiguration;
			buildSettings = {
				ALWAYS_SEARCH_USER_PATHS = NO;
				CLANG_ANALYZER_NONNULL = YES;
				CLANG_ANALYZER_NUMBER_OBJECT_CONVERSION = YES_AGGRESSIVE;
				CLANG_CXX_LANGUAGE_STANDARD = "gnu++14";
				CLANG_CXX_LIBRARY = "libc++";
				CLANG_ENABLE_MODULES = YES;
				CLANG_ENABLE_OBJC_ARC = YES;
				CLANG_ENABLE_OBJC_WEAK = YES;
				CLANG_WARN_BLOCK_CAPTURE_AUTORELEASING = YES;
				CLANG_WARN_BOOL_CONVERSION = YES;
				CLANG_WARN_COMMA = YES;
				CLANG_WARN_CONSTANT_CONVERSION = YES;
				CLANG_WARN_DEPRECATED_OBJC_IMPLEMENTATIONS = YES;
				CLANG_WARN_DIRECT_OBJC_ISA_USAGE = YES_ERROR;
				CLANG_WARN_DOCUMENTATION_COMMENTS = YES;
				CLANG_WARN_EMPTY_BODY = YES;
				CLANG_WARN_ENUM_CONVERSION = YES;
				CLANG_WARN_INFINITE_RECURSION = YES;
				CLANG_WARN_INT_CONVERSION = YES;
				CLANG_WARN_NON_LITERAL_NULL_CONVERSION = YES;
				CLANG_WARN_OBJC_IMPLICIT_RETAIN_SELF = YES;
				CLANG_WARN_OBJC_LITERAL_CONVERSION = YES;
				CLANG_WARN_OBJC_ROOT_CLASS = YES_ERROR;
				CLANG_WARN_RANGE_LOOP_ANALYSIS = YES;
				CLANG_WARN_STRICT_PROTOTYPES = YES;
				CLANG_WARN_SUSPICIOUS_MOVE = YES;
				CLANG_WARN_UNGUARDED_AVAILABILITY = YES_AGGRESSIVE;
				CLANG_WARN_UNREACHABLE_CODE = YES;
				CLANG_WARN__DUPLICATE_METHOD_MATCH = YES;
				COPY_PHASE_STRIP = NO;
				DEBUG_INFORMATION_FORMAT = dwarf;
				ENABLE_STRICT_OBJC_MSGSEND = YES;
				ENABLE_TESTABILITY = YES;
				GCC_C_LANGUAGE_STANDARD = gnu11;
				GCC_DYNAMIC_NO_PIC = NO;
				GCC_NO_COMMON_BLOCKS = YES;
				GCC_OPTIMIZATION_LEVEL = 0;
				GCC_PREPROCESSOR_DEFINITIONS = (
					"DEBUG=1",
					"$(inherited)",
				);
				GCC_WARN_64_TO_32_BIT_CONVERSION = YES;
				GCC_WARN_ABOUT_RETURN_TYPE = YES_ERROR;
				GCC_WARN_UNDECLARED_SELECTOR = YES;
				GCC_WARN_UNINITIALIZED_AUTOS = YES_AGGRESSIVE;
				GCC_WARN_UNUSED_FUNCTION = YES;
				GCC_WARN_UNUSED_VARIABLE = YES;
				IPHONEOS_DEPLOYMENT_TARGET = 13.2;
				MTL_ENABLE_DEBUG_INFO = INCLUDE_SOURCE;
				MTL_FAST_MATH = YES;
				ONLY_ACTIVE_ARCH = YES;
				SDKROOT = iphoneos;
				SWIFT_ACTIVE_COMPILATION_CONDITIONS = DEBUG;
				SWIFT_OPTIMIZATION_LEVEL = "-Onone";
			};
			name = Debug;
		};
		D3E2614624916E3C004A7D0A /* Release */ = {
			isa = XCBuildConfiguration;
			buildSettings = {
				ALWAYS_SEARCH_USER_PATHS = NO;
				CLANG_ANALYZER_NONNULL = YES;
				CLANG_ANALYZER_NUMBER_OBJECT_CONVERSION = YES_AGGRESSIVE;
				CLANG_CXX_LANGUAGE_STANDARD = "gnu++14";
				CLANG_CXX_LIBRARY = "libc++";
				CLANG_ENABLE_MODULES = YES;
				CLANG_ENABLE_OBJC_ARC = YES;
				CLANG_ENABLE_OBJC_WEAK = YES;
				CLANG_WARN_BLOCK_CAPTURE_AUTORELEASING = YES;
				CLANG_WARN_BOOL_CONVERSION = YES;
				CLANG_WARN_COMMA = YES;
				CLANG_WARN_CONSTANT_CONVERSION = YES;
				CLANG_WARN_DEPRECATED_OBJC_IMPLEMENTATIONS = YES;
				CLANG_WARN_DIRECT_OBJC_ISA_USAGE = YES_ERROR;
				CLANG_WARN_DOCUMENTATION_COMMENTS = YES;
				CLANG_WARN_EMPTY_BODY = YES;
				CLANG_WARN_ENUM_CONVERSION = YES;
				CLANG_WARN_INFINITE_RECURSION = YES;
				CLANG_WARN_INT_CONVERSION = YES;
				CLANG_WARN_NON_LITERAL_NULL_CONVERSION = YES;
				CLANG_WARN_OBJC_IMPLICIT_RETAIN_SELF = YES;
				CLANG_WARN_OBJC_LITERAL_CONVERSION = YES;
				CLANG_WARN_OBJC_ROOT_CLASS = YES_ERROR;
				CLANG_WARN_RANGE_LOOP_ANALYSIS = YES;
				CLANG_WARN_STRICT_PROTOTYPES = YES;
				CLANG_WARN_SUSPICIOUS_MOVE = YES;
				CLANG_WARN_UNGUARDED_AVAILABILITY = YES_AGGRESSIVE;
				CLANG_WARN_UNREACHABLE_CODE = YES;
				CLANG_WARN__DUPLICATE_METHOD_MATCH = YES;
				COPY_PHASE_STRIP = NO;
				DEBUG_INFORMATION_FORMAT = "dwarf-with-dsym";
				ENABLE_NS_ASSERTIONS = NO;
				ENABLE_STRICT_OBJC_MSGSEND = YES;
				GCC_C_LANGUAGE_STANDARD = gnu11;
				GCC_NO_COMMON_BLOCKS = YES;
				GCC_WARN_64_TO_32_BIT_CONVERSION = YES;
				GCC_WARN_ABOUT_RETURN_TYPE = YES_ERROR;
				GCC_WARN_UNDECLARED_SELECTOR = YES;
				GCC_WARN_UNINITIALIZED_AUTOS = YES_AGGRESSIVE;
				GCC_WARN_UNUSED_FUNCTION = YES;
				GCC_WARN_UNUSED_VARIABLE = YES;
				IPHONEOS_DEPLOYMENT_TARGET = 13.2;
				MTL_ENABLE_DEBUG_INFO = NO;
				MTL_FAST_MATH = YES;
				SDKROOT = iphoneos;
				SWIFT_COMPILATION_MODE = wholemodule;
				SWIFT_OPTIMIZATION_LEVEL = "-O";
				VALIDATE_PRODUCT = YES;
			};
			name = Release;
		};
		D3E2614824916E3C004A7D0A /* Debug */ = {
			isa = XCBuildConfiguration;
			baseConfigurationReference = 7DDA70D0344056946961F29C /* Pods-Emojis.debug.xcconfig */;
			buildSettings = {
				ASSETCATALOG_COMPILER_APPICON_NAME = AppIcon;
				CODE_SIGN_STYLE = Automatic;
				INFOPLIST_FILE = Emojis/Info.plist;
				LD_RUNPATH_SEARCH_PATHS = (
					"$(inherited)",
					"@executable_path/Frameworks",
				);
				PRODUCT_BUNDLE_IDENTIFIER = com.laudecked.Emojis;
				PRODUCT_NAME = "$(TARGET_NAME)";
				SWIFT_VERSION = 5.0;
				TARGETED_DEVICE_FAMILY = "1,2";
			};
			name = Debug;
		};
		D3E2614924916E3C004A7D0A /* Release */ = {
			isa = XCBuildConfiguration;
			baseConfigurationReference = 36DD3C8FB8DB302F2337CE61 /* Pods-Emojis.release.xcconfig */;
			buildSettings = {
				ASSETCATALOG_COMPILER_APPICON_NAME = AppIcon;
				CODE_SIGN_STYLE = Automatic;
				INFOPLIST_FILE = Emojis/Info.plist;
				LD_RUNPATH_SEARCH_PATHS = (
					"$(inherited)",
					"@executable_path/Frameworks",
				);
				PRODUCT_BUNDLE_IDENTIFIER = com.laudecked.Emojis;
				PRODUCT_NAME = "$(TARGET_NAME)";
				SWIFT_VERSION = 5.0;
				TARGETED_DEVICE_FAMILY = "1,2";
			};
			name = Release;
		};
		D3E2614B24916E3C004A7D0A /* Debug */ = {
			isa = XCBuildConfiguration;
			baseConfigurationReference = E3BE55230A1B5C8F21341F84 /* Pods-EmojisTests.debug.xcconfig */;
			buildSettings = {
				ALWAYS_EMBED_SWIFT_STANDARD_LIBRARIES = YES;
				BUNDLE_LOADER = "$(TEST_HOST)";
				CODE_SIGN_STYLE = Automatic;
				INFOPLIST_FILE = EmojisTests/Info.plist;
				IPHONEOS_DEPLOYMENT_TARGET = 13.2;
				LD_RUNPATH_SEARCH_PATHS = (
					"$(inherited)",
					"@executable_path/Frameworks",
					"@loader_path/Frameworks",
				);
				PRODUCT_BUNDLE_IDENTIFIER = com.laudecked.EmojisTests;
				PRODUCT_NAME = "$(TARGET_NAME)";
				SWIFT_VERSION = 5.0;
				TARGETED_DEVICE_FAMILY = "1,2";
				TEST_HOST = "$(BUILT_PRODUCTS_DIR)/Emojis.app/Emojis";
			};
			name = Debug;
		};
		D3E2614C24916E3C004A7D0A /* Release */ = {
			isa = XCBuildConfiguration;
			baseConfigurationReference = ACFC8FDB676862695507DF1D /* Pods-EmojisTests.release.xcconfig */;
			buildSettings = {
				ALWAYS_EMBED_SWIFT_STANDARD_LIBRARIES = YES;
				BUNDLE_LOADER = "$(TEST_HOST)";
				CODE_SIGN_STYLE = Automatic;
				INFOPLIST_FILE = EmojisTests/Info.plist;
				IPHONEOS_DEPLOYMENT_TARGET = 13.2;
				LD_RUNPATH_SEARCH_PATHS = (
					"$(inherited)",
					"@executable_path/Frameworks",
					"@loader_path/Frameworks",
				);
				PRODUCT_BUNDLE_IDENTIFIER = com.laudecked.EmojisTests;
				PRODUCT_NAME = "$(TARGET_NAME)";
				SWIFT_VERSION = 5.0;
				TARGETED_DEVICE_FAMILY = "1,2";
				TEST_HOST = "$(BUILT_PRODUCTS_DIR)/Emojis.app/Emojis";
			};
			name = Release;
		};
		D3E2614E24916E3C004A7D0A /* Debug */ = {
			isa = XCBuildConfiguration;
			baseConfigurationReference = 15DA8B620EA6CBBD79CC2A65 /* Pods-Emojis-EmojisUITests.debug.xcconfig */;
			buildSettings = {
				ALWAYS_EMBED_SWIFT_STANDARD_LIBRARIES = YES;
				CODE_SIGN_STYLE = Automatic;
				INFOPLIST_FILE = EmojisUITests/Info.plist;
				LD_RUNPATH_SEARCH_PATHS = (
					"$(inherited)",
					"@executable_path/Frameworks",
					"@loader_path/Frameworks",
				);
				PRODUCT_BUNDLE_IDENTIFIER = com.laudecked.EmojisUITests;
				PRODUCT_NAME = "$(TARGET_NAME)";
				SWIFT_VERSION = 5.0;
				TARGETED_DEVICE_FAMILY = "1,2";
				TEST_TARGET_NAME = Emojis;
			};
			name = Debug;
		};
		D3E2614F24916E3C004A7D0A /* Release */ = {
			isa = XCBuildConfiguration;
			baseConfigurationReference = 6F3B3F454F0D9CEA923107D8 /* Pods-Emojis-EmojisUITests.release.xcconfig */;
			buildSettings = {
				ALWAYS_EMBED_SWIFT_STANDARD_LIBRARIES = YES;
				CODE_SIGN_STYLE = Automatic;
				INFOPLIST_FILE = EmojisUITests/Info.plist;
				LD_RUNPATH_SEARCH_PATHS = (
					"$(inherited)",
					"@executable_path/Frameworks",
					"@loader_path/Frameworks",
				);
				PRODUCT_BUNDLE_IDENTIFIER = com.laudecked.EmojisUITests;
				PRODUCT_NAME = "$(TARGET_NAME)";
				SWIFT_VERSION = 5.0;
				TARGETED_DEVICE_FAMILY = "1,2";
				TEST_TARGET_NAME = Emojis;
			};
			name = Release;
		};
/* End XCBuildConfiguration section */

/* Begin XCConfigurationList section */
		D3E2611824916E38004A7D0A /* Build configuration list for PBXProject "Emojis" */ = {
			isa = XCConfigurationList;
			buildConfigurations = (
				D3E2614524916E3C004A7D0A /* Debug */,
				D3E2614624916E3C004A7D0A /* Release */,
			);
			defaultConfigurationIsVisible = 0;
			defaultConfigurationName = Release;
		};
		D3E2614724916E3C004A7D0A /* Build configuration list for PBXNativeTarget "Emojis" */ = {
			isa = XCConfigurationList;
			buildConfigurations = (
				D3E2614824916E3C004A7D0A /* Debug */,
				D3E2614924916E3C004A7D0A /* Release */,
			);
			defaultConfigurationIsVisible = 0;
			defaultConfigurationName = Release;
		};
		D3E2614A24916E3C004A7D0A /* Build configuration list for PBXNativeTarget "EmojisTests" */ = {
			isa = XCConfigurationList;
			buildConfigurations = (
				D3E2614B24916E3C004A7D0A /* Debug */,
				D3E2614C24916E3C004A7D0A /* Release */,
			);
			defaultConfigurationIsVisible = 0;
			defaultConfigurationName = Release;
		};
		D3E2614D24916E3C004A7D0A /* Build configuration list for PBXNativeTarget "EmojisUITests" */ = {
			isa = XCConfigurationList;
			buildConfigurations = (
				D3E2614E24916E3C004A7D0A /* Debug */,
				D3E2614F24916E3C004A7D0A /* Release */,
			);
			defaultConfigurationIsVisible = 0;
			defaultConfigurationName = Release;
		};
/* End XCConfigurationList section */
	};
	rootObject = D3E2611524916E38004A7D0A /* Project object */;
}
